
Microsoft Visual Studio Solution File, Format Version 12.00
# Visual Studio Version 17
VisualStudioVersion = 17.1.32228.430
MinimumVisualStudioVersion = 10.0.40219.1
Project("{2150E333-8FDC-42A3-9474-1A3956D46DE8}") = "Service", "Service", "{161BE31B-BF9D-464B-A6EC-C791EFCCE2A6}"
EndProject
Project("{2150E333-8FDC-42A3-9474-1A3956D46DE8}") = "Web", "Web", "{0BDAACFF-18FE-4E6C-984B-485B78CD9202}"
EndProject
Project("{2150E333-8FDC-42A3-9474-1A3956D46DE8}") = "Core", "Core", "{BAA3B9E3-E10F-49DA-A5BD-79153F3FAF7A}"
EndProject
Project("{2150E333-8FDC-42A3-9474-1A3956D46DE8}") = "Model", "Model", "{8D90CADD-F3B7-4F00-8E22-F10FA0A414EB}"
EndProject
Project("{FAE04EC0-301F-11D3-BF4B-00C04F79EFBC}") = "Lvy.Trip.AdminSite", "Lvy.Trip.AdminSite\Lvy.Trip.AdminSite.csproj", "{FDA4D520-F42E-4256-9CC3-0350AB72E177}"
EndProject
Project("{FAE04EC0-301F-11D3-BF4B-00C04F79EFBC}") = "Lvy.Mvc.Common", "Lvy.Web.Common\Lvy.Mvc.Common.csproj", "{D584761F-6370-44C0-8768-ABB54C3C91A2}"
EndProject
Project("{FAE04EC0-301F-11D3-BF4B-00C04F79EFBC}") = "Lvy.Trip.Weixin", "Lvy.Trip.Weixin\Lvy.Trip.Weixin.csproj", "{DE00BA6C-E502-4F57-B8DD-5C076702BE2C}"
EndProject
Project("{FAE04EC0-301F-11D3-BF4B-00C04F79EFBC}") = "ReportsTemplate", "ReportsTemplate\ReportsTemplate.csproj", "{65E121FE-07D9-47C3-84AC-5E92516136DF}"
EndProject
Project("{FAE04EC0-301F-11D3-BF4B-00C04F79EFBC}") = "Lvy.Trip.WebSite", "Lvy.Trip.WebSite\Lvy.Trip.WebSite.csproj", "{769EFFA5-3677-4E24-AD2E-E4B3CA85145E}"
EndProject
Project("{9A19103F-16F7-4668-BE54-9A1E7A4F7556}") = "elFinder.NetCore.Web", "elFinder.NetCore.Web\elFinder.NetCore.Web.csproj", "{C4C72691-8B23-430D-A868-3CA62497F4E2}"
EndProject
Project("{9A19103F-16F7-4668-BE54-9A1E7A4F7556}") = "Lvy.NetCore.B2CSite", "Lvy.NetCore.B2CSite\Lvy.NetCore.B2CSite.csproj", "{6FBA37DF-4F6E-4691-ADB1-5CE2733E9654}"
EndProject
Project("{9A19103F-16F7-4668-BE54-9A1E7A4F7556}") = "Lvy.NetCore.API", "Lvy.NetCore.API\Lvy.NetCore.API.csproj", "{C85F8B06-6006-46BF-B7E7-AFF80ABBD2E0}"
EndProject
Project("{9A19103F-16F7-4668-BE54-9A1E7A4F7556}") = "Lvy.Trip.Common", "Lvy.Trip.Common\Lvy.Trip.Common.csproj", "{CD4CFEC8-FB40-4FB1-BDE3-F7A8A8841534}"
EndProject
Project("{9A19103F-16F7-4668-BE54-9A1E7A4F7556}") = "Lvy.Models", "Lvy.Models\Lvy.Models.csproj", "{C72DBBB4-E286-4A93-8981-574257DE1AD6}"
EndProject
Project("{9A19103F-16F7-4668-BE54-9A1E7A4F7556}") = "Lvy.Trip.Persistence", "Lvy.Trip.Persistence\Lvy.Trip.Persistence.csproj", "{0FEAF748-73D9-45BF-914D-0FB2A1AB081C}"
EndProject
Project("{9A19103F-16F7-4668-BE54-9A1E7A4F7556}") = "Lvy.Common", "Arch.Common\Lvy.Common.csproj", "{B6300365-66F5-4702-BCDD-FE24A496593B}"
EndProject
Project("{9A19103F-16F7-4668-BE54-9A1E7A4F7556}") = "Lvy.Trip.Biz", "Lvy.Trip.Biz\Lvy.Trip.Biz.csproj", "{3B13D6E7-4303-460F-A268-227A97B8393B}"
EndProject
Global
	GlobalSection(SolutionConfigurationPlatforms) = preSolution
		Debug|Any CPU = Debug|Any CPU
		Debug|x86 = Debug|x86
		Release|Any CPU = Release|Any CPU
		Release|x86 = Release|x86
	EndGlobalSection
	GlobalSection(ProjectConfigurationPlatforms) = postSolution
		{FDA4D520-F42E-4256-9CC3-0350AB72E177}.Debug|Any CPU.ActiveCfg = Debug|Any CPU
		{FDA4D520-F42E-4256-9CC3-0350AB72E177}.Debug|Any CPU.Build.0 = Debug|Any CPU
		{FDA4D520-F42E-4256-9CC3-0350AB72E177}.Debug|x86.ActiveCfg = Debug|Any CPU
		{FDA4D520-F42E-4256-9CC3-0350AB72E177}.Debug|x86.Build.0 = Debug|Any CPU
		{FDA4D520-F42E-4256-9CC3-0350AB72E177}.Release|Any CPU.ActiveCfg = Release|Any CPU
		{FDA4D520-F42E-4256-9CC3-0350AB72E177}.Release|Any CPU.Build.0 = Release|Any CPU
		{FDA4D520-F42E-4256-9CC3-0350AB72E177}.Release|x86.ActiveCfg = Release|Any CPU
		{FDA4D520-F42E-4256-9CC3-0350AB72E177}.Release|x86.Build.0 = Release|Any CPU
		{D584761F-6370-44C0-8768-ABB54C3C91A2}.Debug|Any CPU.ActiveCfg = Debug|Any CPU
		{D584761F-6370-44C0-8768-ABB54C3C91A2}.Debug|Any CPU.Build.0 = Debug|Any CPU
		{D584761F-6370-44C0-8768-ABB54C3C91A2}.Debug|x86.ActiveCfg = Debug|Any CPU
		{D584761F-6370-44C0-8768-ABB54C3C91A2}.Debug|x86.Build.0 = Debug|Any CPU
		{D584761F-6370-44C0-8768-ABB54C3C91A2}.Release|Any CPU.ActiveCfg = Release|Any CPU
		{D584761F-6370-44C0-8768-ABB54C3C91A2}.Release|Any CPU.Build.0 = Release|Any CPU
		{D584761F-6370-44C0-8768-ABB54C3C91A2}.Release|x86.ActiveCfg = Release|Any CPU
		{D584761F-6370-44C0-8768-ABB54C3C91A2}.Release|x86.Build.0 = Release|Any CPU
		{DE00BA6C-E502-4F57-B8DD-5C076702BE2C}.Debug|Any CPU.ActiveCfg = Debug|Any CPU
		{DE00BA6C-E502-4F57-B8DD-5C076702BE2C}.Debug|Any CPU.Build.0 = Debug|Any CPU
		{DE00BA6C-E502-4F57-B8DD-5C076702BE2C}.Debug|x86.ActiveCfg = Debug|Any CPU
		{DE00BA6C-E502-4F57-B8DD-5C076702BE2C}.Debug|x86.Build.0 = Debug|Any CPU
		{DE00BA6C-E502-4F57-B8DD-5C076702BE2C}.Release|Any CPU.ActiveCfg = Release|Any CPU
		{DE00BA6C-E502-4F57-B8DD-5C076702BE2C}.Release|Any CPU.Build.0 = Release|Any CPU
		{DE00BA6C-E502-4F57-B8DD-5C076702BE2C}.Release|x86.ActiveCfg = Release|Any CPU
		{DE00BA6C-E502-4F57-B8DD-5C076702BE2C}.Release|x86.Build.0 = Release|Any CPU
		{65E121FE-07D9-47C3-84AC-5E92516136DF}.Debug|Any CPU.ActiveCfg = Debug|Any CPU
		{65E121FE-07D9-47C3-84AC-5E92516136DF}.Debug|Any CPU.Build.0 = Debug|Any CPU
		{65E121FE-07D9-47C3-84AC-5E92516136DF}.Debug|x86.ActiveCfg = Debug|Any CPU
		{65E121FE-07D9-47C3-84AC-5E92516136DF}.Debug|x86.Build.0 = Debug|Any CPU
		{65E121FE-07D9-47C3-84AC-5E92516136DF}.Release|Any CPU.ActiveCfg = Release|Any CPU
		{65E121FE-07D9-47C3-84AC-5E92516136DF}.Release|Any CPU.Build.0 = Release|Any CPU
		{65E121FE-07D9-47C3-84AC-5E92516136DF}.Release|x86.ActiveCfg = Release|Any CPU
		{65E121FE-07D9-47C3-84AC-5E92516136DF}.Release|x86.Build.0 = Release|Any CPU
		{769EFFA5-3677-4E24-AD2E-E4B3CA85145E}.Debug|Any CPU.ActiveCfg = Debug|Any CPU
		{769EFFA5-3677-4E24-AD2E-E4B3CA85145E}.Debug|Any CPU.Build.0 = Debug|Any CPU
		{769EFFA5-3677-4E24-AD2E-E4B3CA85145E}.Debug|x86.ActiveCfg = Debug|Any CPU
		{769EFFA5-3677-4E24-AD2E-E4B3CA85145E}.Debug|x86.Build.0 = Debug|Any CPU
		{769EFFA5-3677-4E24-AD2E-E4B3CA85145E}.Release|Any CPU.ActiveCfg = Release|Any CPU
		{769EFFA5-3677-4E24-AD2E-E4B3CA85145E}.Release|Any CPU.Build.0 = Release|Any CPU
		{769EFFA5-3677-4E24-AD2E-E4B3CA85145E}.Release|x86.ActiveCfg = Release|Any CPU
		{769EFFA5-3677-4E24-AD2E-E4B3CA85145E}.Release|x86.Build.0 = Release|Any CPU
		{C4C72691-8B23-430D-A868-3CA62497F4E2}.Debug|Any CPU.ActiveCfg = Debug|Any CPU
		{C4C72691-8B23-430D-A868-3CA62497F4E2}.Debug|Any CPU.Build.0 = Debug|Any CPU
		{C4C72691-8B23-430D-A868-3CA62497F4E2}.Debug|x86.ActiveCfg = Debug|Any CPU
		{C4C72691-8B23-430D-A868-3CA62497F4E2}.Debug|x86.Build.0 = Debug|Any CPU
		{C4C72691-8B23-430D-A868-3CA62497F4E2}.Release|Any CPU.ActiveCfg = Release|Any CPU
		{C4C72691-8B23-430D-A868-3CA62497F4E2}.Release|Any CPU.Build.0 = Release|Any CPU
		{C4C72691-8B23-430D-A868-3CA62497F4E2}.Release|x86.ActiveCfg = Release|Any CPU
		{C4C72691-8B23-430D-A868-3CA62497F4E2}.Release|x86.Build.0 = Release|Any CPU
		{6FBA37DF-4F6E-4691-ADB1-5CE2733E9654}.Debug|Any CPU.ActiveCfg = Debug|Any CPU
		{6FBA37DF-4F6E-4691-ADB1-5CE2733E9654}.Debug|Any CPU.Build.0 = Debug|Any CPU
		{6FBA37DF-4F6E-4691-ADB1-5CE2733E9654}.Debug|x86.ActiveCfg = Debug|Any CPU
		{6FBA37DF-4F6E-4691-ADB1-5CE2733E9654}.Debug|x86.Build.0 = Debug|Any CPU
		{6FBA37DF-4F6E-4691-ADB1-5CE2733E9654}.Release|Any CPU.ActiveCfg = Release|Any CPU
		{6FBA37DF-4F6E-4691-ADB1-5CE2733E9654}.Release|Any CPU.Build.0 = Release|Any CPU
		{6FBA37DF-4F6E-4691-ADB1-5CE2733E9654}.Release|x86.ActiveCfg = Release|Any CPU
		{6FBA37DF-4F6E-4691-ADB1-5CE2733E9654}.Release|x86.Build.0 = Release|Any CPU
		{C85F8B06-6006-46BF-B7E7-AFF80ABBD2E0}.Debug|Any CPU.ActiveCfg = Debug|Any CPU
		{C85F8B06-6006-46BF-B7E7-AFF80ABBD2E0}.Debug|Any CPU.Build.0 = Debug|Any CPU
		{C85F8B06-6006-46BF-B7E7-AFF80ABBD2E0}.Debug|x86.ActiveCfg = Debug|Any CPU
		{C85F8B06-6006-46BF-B7E7-AFF80ABBD2E0}.Debug|x86.Build.0 = Debug|Any CPU
		{C85F8B06-6006-46BF-B7E7-AFF80ABBD2E0}.Release|Any CPU.ActiveCfg = Release|Any CPU
		{C85F8B06-6006-46BF-B7E7-AFF80ABBD2E0}.Release|Any CPU.Build.0 = Release|Any CPU
		{C85F8B06-6006-46BF-B7E7-AFF80ABBD2E0}.Release|x86.ActiveCfg = Release|Any CPU
		{C85F8B06-6006-46BF-B7E7-AFF80ABBD2E0}.Release|x86.Build.0 = Release|Any CPU
		{CD4CFEC8-FB40-4FB1-BDE3-F7A8A8841534}.Debug|Any CPU.ActiveCfg = Debug|Any CPU
		{CD4CFEC8-FB40-4FB1-BDE3-F7A8A8841534}.Debug|Any CPU.Build.0 = Debug|Any CPU
		{CD4CFEC8-FB40-4FB1-BDE3-F7A8A8841534}.Debug|x86.ActiveCfg = Debug|Any CPU
		{CD4CFEC8-FB40-4FB1-BDE3-F7A8A8841534}.Debug|x86.Build.0 = Debug|Any CPU
		{CD4CFEC8-FB40-4FB1-BDE3-F7A8A8841534}.Release|Any CPU.ActiveCfg = Release|Any CPU
		{CD4CFEC8-FB40-4FB1-BDE3-F7A8A8841534}.Release|Any CPU.Build.0 = Release|Any CPU
		{CD4CFEC8-FB40-4FB1-BDE3-F7A8A8841534}.Release|x86.ActiveCfg = Release|Any CPU
		{CD4CFEC8-FB40-4FB1-BDE3-F7A8A8841534}.Release|x86.Build.0 = Release|Any CPU
		{C72DBBB4-E286-4A93-8981-574257DE1AD6}.Debug|Any CPU.ActiveCfg = Debug|Any CPU
		{C72DBBB4-E286-4A93-8981-574257DE1AD6}.Debug|Any CPU.Build.0 = Debug|Any CPU
		{C72DBBB4-E286-4A93-8981-574257DE1AD6}.Debug|x86.ActiveCfg = Debug|Any CPU
		{C72DBBB4-E286-4A93-8981-574257DE1AD6}.Debug|x86.Build.0 = Debug|Any CPU
		{C72DBBB4-E286-4A93-8981-574257DE1AD6}.Release|Any CPU.ActiveCfg = Release|Any CPU
		{C72DBBB4-E286-4A93-8981-574257DE1AD6}.Release|Any CPU.Build.0 = Release|Any CPU
		{C72DBBB4-E286-4A93-8981-574257DE1AD6}.Release|x86.ActiveCfg = Release|Any CPU
		{C72DBBB4-E286-4A93-8981-574257DE1AD6}.Release|x86.Build.0 = Release|Any CPU
		{0FEAF748-73D9-45BF-914D-0FB2A1AB081C}.Debug|Any CPU.ActiveCfg = Debug|Any CPU
		{0FEAF748-73D9-45BF-914D-0FB2A1AB081C}.Debug|Any CPU.Build.0 = Debug|Any CPU
		{0FEAF748-73D9-45BF-914D-0FB2A1AB081C}.Debug|x86.ActiveCfg = Debug|Any CPU
		{0FEAF748-73D9-45BF-914D-0FB2A1AB081C}.Debug|x86.Build.0 = Debug|Any CPU
		{0FEAF748-73D9-45BF-914D-0FB2A1AB081C}.Release|Any CPU.ActiveCfg = Release|Any CPU
		{0FEAF748-73D9-45BF-914D-0FB2A1AB081C}.Release|Any CPU.Build.0 = Release|Any CPU
		{0FEAF748-73D9-45BF-914D-0FB2A1AB081C}.Release|x86.ActiveCfg = Release|Any CPU
		{0FEAF748-73D9-45BF-914D-0FB2A1AB081C}.Release|x86.Build.0 = Release|Any CPU
		{B6300365-66F5-4702-BCDD-FE24A496593B}.Debug|Any CPU.ActiveCfg = Debug|Any CPU
		{B6300365-66F5-4702-BCDD-FE24A496593B}.Debug|Any CPU.Build.0 = Debug|Any CPU
		{B6300365-66F5-4702-BCDD-FE24A496593B}.Debug|x86.ActiveCfg = Debug|Any CPU
		{B6300365-66F5-4702-BCDD-FE24A496593B}.Debug|x86.Build.0 = Debug|Any CPU
		{B6300365-66F5-4702-BCDD-FE24A496593B}.Release|Any CPU.ActiveCfg = Release|Any CPU
		{B6300365-66F5-4702-BCDD-FE24A496593B}.Release|Any CPU.Build.0 = Release|Any CPU
		{B6300365-66F5-4702-BCDD-FE24A496593B}.Release|x86.ActiveCfg = Release|Any CPU
		{B6300365-66F5-4702-BCDD-FE24A496593B}.Release|x86.Build.0 = Release|Any CPU
		{3B13D6E7-4303-460F-A268-227A97B8393B}.Debug|Any CPU.ActiveCfg = Debug|Any CPU
		{3B13D6E7-4303-460F-A268-227A97B8393B}.Debug|Any CPU.Build.0 = Debug|Any CPU
		{3B13D6E7-4303-460F-A268-227A97B8393B}.Debug|x86.ActiveCfg = Debug|Any CPU
		{3B13D6E7-4303-460F-A268-227A97B8393B}.Debug|x86.Build.0 = Debug|Any CPU
		{3B13D6E7-4303-460F-A268-227A97B8393B}.Release|Any CPU.ActiveCfg = Release|Any CPU
		{3B13D6E7-4303-460F-A268-227A97B8393B}.Release|Any CPU.Build.0 = Release|Any CPU
		{3B13D6E7-4303-460F-A268-227A97B8393B}.Release|x86.ActiveCfg = Release|Any CPU
		{3B13D6E7-4303-460F-A268-227A97B8393B}.Release|x86.Build.0 = Release|Any CPU
	EndGlobalSection
	GlobalSection(SolutionProperties) = preSolution
		HideSolutionNode = FALSE
	EndGlobalSection
	GlobalSection(NestedProjects) = preSolution
		{FDA4D520-F42E-4256-9CC3-0350AB72E177} = {0BDAACFF-18FE-4E6C-984B-485B78CD9202}
		{D584761F-6370-44C0-8768-ABB54C3C91A2} = {161BE31B-BF9D-464B-A6EC-C791EFCCE2A6}
		{DE00BA6C-E502-4F57-B8DD-5C076702BE2C} = {0BDAACFF-18FE-4E6C-984B-485B78CD9202}
		{65E121FE-07D9-47C3-84AC-5E92516136DF} = {0BDAACFF-18FE-4E6C-984B-485B78CD9202}
		{769EFFA5-3677-4E24-AD2E-E4B3CA85145E} = {0BDAACFF-18FE-4E6C-984B-485B78CD9202}
		{C4C72691-8B23-430D-A868-3CA62497F4E2} = {0BDAACFF-18FE-4E6C-984B-485B78CD9202}
		{6FBA37DF-4F6E-4691-ADB1-5CE2733E9654} = {0BDAACFF-18FE-4E6C-984B-485B78CD9202}
		{C85F8B06-6006-46BF-B7E7-AFF80ABBD2E0} = {0BDAACFF-18FE-4E6C-984B-485B78CD9202}
		{CD4CFEC8-FB40-4FB1-BDE3-F7A8A8841534} = {BAA3B9E3-E10F-49DA-A5BD-79153F3FAF7A}
		{C72DBBB4-E286-4A93-8981-574257DE1AD6} = {8D90CADD-F3B7-4F00-8E22-F10FA0A414EB}
		{0FEAF748-73D9-45BF-914D-0FB2A1AB081C} = {161BE31B-BF9D-464B-A6EC-C791EFCCE2A6}
		{B6300365-66F5-4702-BCDD-FE24A496593B} = {BAA3B9E3-E10F-49DA-A5BD-79153F3FAF7A}
		{3B13D6E7-4303-460F-A268-227A97B8393B} = {161BE31B-BF9D-464B-A6EC-C791EFCCE2A6}
	EndGlobalSection
	GlobalSection(ExtensibilityGlobals) = postSolution
		SolutionGuid = {47ACBAF0-EF17-48A6-8692-BB1CC908D7DD}
		VisualSVNWorkingCopyRoot = .
	EndGlobalSection
	GlobalSection(SubversionScc) = preSolution
		Svn-Managed = True
		Manager = AnkhSVN - Subversion Support for Visual Studio
	EndGlobalSection
EndGlobal
